# generated by rye
# use `rye lock` or `rye sync` to update this lockfile
#
# last locked with the following flags:
#   pre: false
#   features: []
#   all-features: false
#   with-sources: false
#   generate-hashes: false
#   universal: false

-e file:.
asttokens==3.0.0
    # via stack-data
comm==0.2.2
    # via ipykernel
contourpy==1.3.2
    # via matplotlib
cycler==0.12.1
    # via matplotlib
debugpy==1.8.14
    # via ipykernel
decorator==5.2.1
    # via ipython
executing==2.2.0
    # via stack-data
fonttools==4.58.4
    # via matplotlib
ipykernel==6.29.5
    # via plein-awesome
ipython==9.3.0
    # via ipykernel
ipython-pygments-lexers==1.1.1
    # via ipython
jax==0.6.2
    # via plein-awesome
jaxlib==0.6.2
    # via jax
jedi==0.19.2
    # via ipython
jupyter-client==8.6.3
    # via ipykernel
jupyter-core==5.8.1
    # via ipykernel
    # via jupyter-client
kiwisolver==1.4.8
    # via matplotlib
matplotlib==3.10.3
    # via plein-awesome
matplotlib-inline==0.1.7
    # via ipykernel
    # via ipython
ml-dtypes==0.5.1
    # via jax
    # via jaxlib
nest-asyncio==1.6.0
    # via ipykernel
numpy==2.3.0
    # via contourpy
    # via jax
    # via jaxlib
    # via matplotlib
    # via ml-dtypes
    # via scipy
opt-einsum==3.4.0
    # via jax
packaging==25.0
    # via ipykernel
    # via matplotlib
parso==0.8.4
    # via jedi
pexpect==4.9.0
    # via ipython
pillow==11.2.1
    # via matplotlib
platformdirs==4.3.8
    # via jupyter-core
prompt-toolkit==3.0.51
    # via ipython
psutil==7.0.0
    # via ipykernel
ptyprocess==0.7.0
    # via pexpect
pure-eval==0.2.3
    # via stack-data
pygments==2.19.1
    # via ipython
    # via ipython-pygments-lexers
pyparsing==3.2.3
    # via matplotlib
python-dateutil==2.9.0.post0
    # via jupyter-client
    # via matplotlib
pyzmq==27.0.0
    # via ipykernel
    # via jupyter-client
scipy==1.15.3
    # via jax
    # via jaxlib
six==1.17.0
    # via python-dateutil
stack-data==0.6.3
    # via ipython
tornado==6.5.1
    # via ipykernel
    # via jupyter-client
traitlets==5.14.3
    # via comm
    # via ipykernel
    # via ipython
    # via jupyter-client
    # via jupyter-core
    # via matplotlib-inline
wcwidth==0.2.13
    # via prompt-toolkit
